
Microsoft Visual Studio Solution File, Format Version 12.00
# Visual Studio 15
VisualStudioVersion = 15.0.28307.852
MinimumVisualStudioVersion = 10.0.40219.1
Project("{FAE04EC0-301F-11D3-BF4B-00C04F79EFBC}") = "Calculadora2.0", "Calculadora2.0\Calculadora2.0.csproj", "{A511F8DE-CDDD-4C3B-8184-1CA1F0510C3B}"
EndProject
Global
	GlobalSection(SolutionConfigurationPlatforms) = preSolution
		Debug|Any CPU = Debug|Any CPU
		Release|Any CPU = Release|Any CPU
	EndGlobalSection
	GlobalSection(ProjectConfigurationPlatforms) = postSolution
		{A511F8DE-CDDD-4C3B-8184-1CA1F0510C3B}.Debug|Any CPU.ActiveCfg = Debug|Any CPU
		{A511F8DE-CDDD-4C3B-8184-1CA1F0510C3B}.Debug|Any CPU.Build.0 = Debug|Any CPU
		{A511F8DE-CDDD-4C3B-8184-1CA1F0510C3B}.Release|Any CPU.ActiveCfg = Release|Any CPU
		{A511F8DE-CDDD-4C3B-8184-1CA1F0510C3B}.Release|Any CPU.Build.0 = Release|Any CPU
	EndGlobalSection
	GlobalSection(SolutionProperties) = preSolution
		HideSolutionNode = FALSE
	EndGlobalSection
	GlobalSection(ExtensibilityGlobals) = postSolution
		SolutionGuid = {8C954602-FAA7-43D2-8171-E90255BA105F}
	EndGlobalSection
EndGlobal
